
Microsoft Visual Studio Solution File, Format Version 12.00
# Visual Studio 15
VisualStudioVersion = 15.0.28307.757
MinimumVisualStudioVersion = 10.0.40219.1
Project("{FAE04EC0-301F-11D3-BF4B-00C04F79EFBC}") = "DBWeb", "DBWeb\DBWeb.csproj", "{3CAFDCA1-F632-4D70-AE20-97BA5761391C}"
EndProject
Global
	GlobalSection(SolutionConfigurationPlatforms) = preSolution
		Debug|Any CPU = Debug|Any CPU
		Release|Any CPU = Release|Any CPU
	EndGlobalSection
	GlobalSection(ProjectConfigurationPlatforms) = postSolution
		{3CAFDCA1-F632-4D70-AE20-97BA5761391C}.Debug|Any CPU.ActiveCfg = Debug|Any CPU
		{3CAFDCA1-F632-4D70-AE20-97BA5761391C}.Debug|Any CPU.Build.0 = Debug|Any CPU
		{3CAFDCA1-F632-4D70-AE20-97BA5761391C}.Release|Any CPU.ActiveCfg = Release|Any CPU
		{3CAFDCA1-F632-4D70-AE20-97BA5761391C}.Release|Any CPU.Build.0 = Release|Any CPU
	EndGlobalSection
	GlobalSection(SolutionProperties) = preSolution
		HideSolutionNode = FALSE
	EndGlobalSection
	GlobalSection(ExtensibilityGlobals) = postSolution
		SolutionGuid = {B16B9781-8850-4D4D-B6B0-C130E8302102}
	EndGlobalSection
EndGlobal
